// !$*UTF8*$!
{
	archiveVersion = 1;
	classes = {
	};
	objectVersion = 46;
	objects = {

/* Begin PBXBuildFile section */
		F482F4A523F4AF77008B65A9 /* MATPopupViewController.swift in Sources */ = {isa = PBXBuildFile; fileRef = F482F4A423F4AF77008B65A9 /* MATPopupViewController.swift */; };
		F482F4A723FB2960008B65A9 /* MATs.swift in Sources */ = {isa = PBXBuildFile; fileRef = F482F4A623FB2960008B65A9 /* MATs.swift */; };
		F482F4A923FC96B4008B65A9 /* VideoViewController.swift in Sources */ = {isa = PBXBuildFile; fileRef = F482F4A823FC96B4008B65A9 /* VideoViewController.swift */; };
		F483FB3223E0D73200019221 /* AppDelegate.swift in Sources */ = {isa = PBXBuildFile; fileRef = F483FB3123E0D73200019221 /* AppDelegate.swift */; };
		F483FB3423E0D73200019221 /* ViewController.swift in Sources */ = {isa = PBXBuildFile; fileRef = F483FB3323E0D73200019221 /* ViewController.swift */; };
		F483FB3923E0D73300019221 /* Assets.xcassets in Resources */ = {isa = PBXBuildFile; fileRef = F483FB3823E0D73300019221 /* Assets.xcassets */; };
		F483FB3C23E0D73300019221 /* LaunchScreen.storyboard in Resources */ = {isa = PBXBuildFile; fileRef = F483FB3A23E0D73300019221 /* LaunchScreen.storyboard */; };
		F483FB4723E0D73300019221 /* StressDetectionExperimentTests.swift in Sources */ = {isa = PBXBuildFile; fileRef = F483FB4623E0D73300019221 /* StressDetectionExperimentTests.swift */; };
		F483FB5223E0D73300019221 /* StressDetectionExperimentUITests.swift in Sources */ = {isa = PBXBuildFile; fileRef = F483FB5123E0D73300019221 /* StressDetectionExperimentUITests.swift */; };
		F4AB5B4223E0E7D60067E313 /* CWTViewController.swift in Sources */ = {isa = PBXBuildFile; fileRef = F4AB5B4123E0E7D60067E313 /* CWTViewController.swift */; };
		F4AB5B4423E219B90067E313 /* Utils.swift in Sources */ = {isa = PBXBuildFile; fileRef = F4AB5B4323E219B90067E313 /* Utils.swift */; };
		F4C2AAC223EA0D2F007529CF /* SelfReportViewController.swift in Sources */ = {isa = PBXBuildFile; fileRef = F4C2AAC123EA0D2F007529CF /* SelfReportViewController.swift */; };
		F4C2AAC423F1F9E0007529CF /* WritingTaskController.swift in Sources */ = {isa = PBXBuildFile; fileRef = F4C2AAC323F1F9E0007529CF /* WritingTaskController.swift */; };
		F4E5430524045FAE0058D6DC /* EndExperimentViewController.swift in Sources */ = {isa = PBXBuildFile; fileRef = F4E5430424045FAE0058D6DC /* EndExperimentViewController.swift */; };
		F4E5430A240724070058D6DC /* Main.storyboard in Resources */ = {isa = PBXBuildFile; fileRef = F4E54308240724070058D6DC /* Main.storyboard */; };
		F4E5430C240728440058D6DC /* SelfReportIncompleteError.swift in Sources */ = {isa = PBXBuildFile; fileRef = F4E5430B240728440058D6DC /* SelfReportIncompleteError.swift */; };
		F4E5430E2409A6CD0058D6DC /* Paintings.swift in Sources */ = {isa = PBXBuildFile; fileRef = F4E5430D2409A6CD0058D6DC /* Paintings.swift */; };
/* End PBXBuildFile section */

/* Begin PBXContainerItemProxy section */
		F483FB4323E0D73300019221 /* PBXContainerItemProxy */ = {
			isa = PBXContainerItemProxy;
			containerPortal = F483FB2623E0D73200019221 /* Project object */;
			proxyType = 1;
			remoteGlobalIDString = F483FB2D23E0D73200019221;
			remoteInfo = StressDetectionExperiment;
		};
		F483FB4E23E0D73300019221 /* PBXContainerItemProxy */ = {
			isa = PBXContainerItemProxy;
			containerPortal = F483FB2623E0D73200019221 /* Project object */;
			proxyType = 1;
			remoteGlobalIDString = F483FB2D23E0D73200019221;
			remoteInfo = StressDetectionExperiment;
		};
/* End PBXContainerItemProxy section */

/* Begin PBXFileReference section */
		F482F4A423F4AF77008B65A9 /* MATPopupViewController.swift */ = {isa = PBXFileReference; fileEncoding = 4; lastKnownFileType = sourcecode.swift; path = MATPopupViewController.swift; sourceTree = "<group>"; };
		F482F4A623FB2960008B65A9 /* MATs.swift */ = {isa = PBXFileReference; fileEncoding = 4; lastKnownFileType = sourcecode.swift; path = MATs.swift; sourceTree = "<group>"; };
		F482F4A823FC96B4008B65A9 /* VideoViewController.swift */ = {isa = PBXFileReference; fileEncoding = 4; lastKnownFileType = sourcecode.swift; path = VideoViewController.swift; sourceTree = "<group>"; };
		F483FB2E23E0D73200019221 /* StressDetectionExperiment.app */ = {isa = PBXFileReference; explicitFileType = wrapper.application; includeInIndex = 0; path = StressDetectionExperiment.app; sourceTree = BUILT_PRODUCTS_DIR; };
		F483FB3123E0D73200019221 /* AppDelegate.swift */ = {isa = PBXFileReference; lastKnownFileType = sourcecode.swift; path = AppDelegate.swift; sourceTree = "<group>"; };
		F483FB3323E0D73200019221 /* ViewController.swift */ = {isa = PBXFileReference; lastKnownFileType = sourcecode.swift; path = ViewController.swift; sourceTree = "<group>"; };
		F483FB3823E0D73300019221 /* Assets.xcassets */ = {isa = PBXFileReference; lastKnownFileType = folder.assetcatalog; path = Assets.xcassets; sourceTree = "<group>"; };
		F483FB3B23E0D73300019221 /* Base */ = {isa = PBXFileReference; lastKnownFileType = file.storyboard; name = Base; path = Base.lproj/LaunchScreen.storyboard; sourceTree = "<group>"; };
		F483FB3D23E0D73300019221 /* Info.plist */ = {isa = PBXFileReference; lastKnownFileType = text.plist.xml; path = Info.plist; sourceTree = "<group>"; };
		F483FB4223E0D73300019221 /* StressDetectionExperimentTests.xctest */ = {isa = PBXFileReference; explicitFileType = wrapper.cfbundle; includeInIndex = 0; path = StressDetectionExperimentTests.xctest; sourceTree = BUILT_PRODUCTS_DIR; };
		F483FB4623E0D73300019221 /* StressDetectionExperimentTests.swift */ = {isa = PBXFileReference; lastKnownFileType = sourcecode.swift; path = StressDetectionExperimentTests.swift; sourceTree = "<group>"; };
		F483FB4823E0D73300019221 /* Info.plist */ = {isa = PBXFileReference; lastKnownFileType = text.plist.xml; path = Info.plist; sourceTree = "<group>"; };
		F483FB4D23E0D73300019221 /* StressDetectionExperimentUITests.xctest */ = {isa = PBXFileReference; explicitFileType = wrapper.cfbundle; includeInIndex = 0; path = StressDetectionExperimentUITests.xctest; sourceTree = BUILT_PRODUCTS_DIR; };
		F483FB5123E0D73300019221 /* StressDetectionExperimentUITests.swift */ = {isa = PBXFileReference; lastKnownFileType = sourcecode.swift; path = StressDetectionExperimentUITests.swift; sourceTree = "<group>"; };
		F483FB5323E0D73300019221 /* Info.plist */ = {isa = PBXFileReference; lastKnownFileType = text.plist.xml; path = Info.plist; sourceTree = "<group>"; };
		F4AB5B4123E0E7D60067E313 /* CWTViewController.swift */ = {isa = PBXFileReference; fileEncoding = 4; lastKnownFileType = sourcecode.swift; path = CWTViewController.swift; sourceTree = "<group>"; };
		F4AB5B4323E219B90067E313 /* Utils.swift */ = {isa = PBXFileReference; fileEncoding = 4; lastKnownFileType = sourcecode.swift; path = Utils.swift; sourceTree = "<group>"; };
		F4C2AAC123EA0D2F007529CF /* SelfReportViewController.swift */ = {isa = PBXFileReference; fileEncoding = 4; lastKnownFileType = sourcecode.swift; path = SelfReportViewController.swift; sourceTree = "<group>"; };
		F4C2AAC323F1F9E0007529CF /* WritingTaskController.swift */ = {isa = PBXFileReference; fileEncoding = 4; lastKnownFileType = sourcecode.swift; path = WritingTaskController.swift; sourceTree = "<group>"; };
		F4E5430424045FAE0058D6DC /* EndExperimentViewController.swift */ = {isa = PBXFileReference; fileEncoding = 4; lastKnownFileType = sourcecode.swift; path = EndExperimentViewController.swift; sourceTree = "<group>"; };
		F4E54309240724070058D6DC /* Base */ = {isa = PBXFileReference; lastKnownFileType = file.storyboard; name = Base; path = Base.lproj/Main.storyboard; sourceTree = "<group>"; };
		F4E5430B240728440058D6DC /* SelfReportIncompleteError.swift */ = {isa = PBXFileReference; fileEncoding = 4; lastKnownFileType = sourcecode.swift; path = SelfReportIncompleteError.swift; sourceTree = "<group>"; };
		F4E5430D2409A6CD0058D6DC /* Paintings.swift */ = {isa = PBXFileReference; fileEncoding = 4; lastKnownFileType = sourcecode.swift; path = Paintings.swift; sourceTree = "<group>"; };
/* End PBXFileReference section */

/* Begin PBXFrameworksBuildPhase section */
		F483FB2B23E0D73200019221 /* Frameworks */ = {
			isa = PBXFrameworksBuildPhase;
			buildActionMask = 2147483647;
			files = (
			);
			runOnlyForDeploymentPostprocessing = 0;
		};
		F483FB3F23E0D73300019221 /* Frameworks */ = {
			isa = PBXFrameworksBuildPhase;
			buildActionMask = 2147483647;
			files = (
			);
			runOnlyForDeploymentPostprocessing = 0;
		};
		F483FB4A23E0D73300019221 /* Frameworks */ = {
			isa = PBXFrameworksBuildPhase;
			buildActionMask = 2147483647;
			files = (
			);
			runOnlyForDeploymentPostprocessing = 0;
		};
/* End PBXFrameworksBuildPhase section */

/* Begin PBXGroup section */
		F483FB2523E0D73200019221 = {
			isa = PBXGroup;
			children = (
				F483FB3023E0D73200019221 /* StressDetectionExperiment */,
				F483FB4523E0D73300019221 /* StressDetectionExperimentTests */,
				F483FB5023E0D73300019221 /* StressDetectionExperimentUITests */,
				F483FB2F23E0D73200019221 /* Products */,
			);
			sourceTree = "<group>";
		};
		F483FB2F23E0D73200019221 /* Products */ = {
			isa = PBXGroup;
			children = (
				F483FB2E23E0D73200019221 /* StressDetectionExperiment.app */,
				F483FB4223E0D73300019221 /* StressDetectionExperimentTests.xctest */,
				F483FB4D23E0D73300019221 /* StressDetectionExperimentUITests.xctest */,
			);
			name = Products;
			sourceTree = "<group>";
		};
		F483FB3023E0D73200019221 /* StressDetectionExperiment */ = {
			isa = PBXGroup;
			children = (
				F4E54308240724070058D6DC /* Main.storyboard */,
				F483FB3123E0D73200019221 /* AppDelegate.swift */,
				F483FB3323E0D73200019221 /* ViewController.swift */,
				F483FB3823E0D73300019221 /* Assets.xcassets */,
				F483FB3A23E0D73300019221 /* LaunchScreen.storyboard */,
				F483FB3D23E0D73300019221 /* Info.plist */,
				F4AB5B4123E0E7D60067E313 /* CWTViewController.swift */,
				F4AB5B4323E219B90067E313 /* Utils.swift */,
				F4C2AAC123EA0D2F007529CF /* SelfReportViewController.swift */,
				F4C2AAC323F1F9E0007529CF /* WritingTaskController.swift */,
				F482F4A423F4AF77008B65A9 /* MATPopupViewController.swift */,
				F482F4A623FB2960008B65A9 /* MATs.swift */,
				F482F4A823FC96B4008B65A9 /* VideoViewController.swift */,
				F4E5430424045FAE0058D6DC /* EndExperimentViewController.swift */,
				F4E5430B240728440058D6DC /* SelfReportIncompleteError.swift */,
				F4E5430D2409A6CD0058D6DC /* Paintings.swift */,
			);
			path = StressDetectionExperiment;
			sourceTree = "<group>";
		};
		F483FB4523E0D73300019221 /* StressDetectionExperimentTests */ = {
			isa = PBXGroup;
			children = (
				F483FB4623E0D73300019221 /* StressDetectionExperimentTests.swift */,
				F483FB4823E0D73300019221 /* Info.plist */,
			);
			path = StressDetectionExperimentTests;
			sourceTree = "<group>";
		};
		F483FB5023E0D73300019221 /* StressDetectionExperimentUITests */ = {
			isa = PBXGroup;
			children = (
				F483FB5123E0D73300019221 /* StressDetectionExperimentUITests.swift */,
				F483FB5323E0D73300019221 /* Info.plist */,
			);
			path = StressDetectionExperimentUITests;
			sourceTree = "<group>";
		};
/* End PBXGroup section */

/* Begin PBXNativeTarget section */
		F483FB2D23E0D73200019221 /* StressDetectionExperiment */ = {
			isa = PBXNativeTarget;
			buildConfigurationList = F483FB5623E0D73400019221 /* Build configuration list for PBXNativeTarget "StressDetectionExperiment" */;
			buildPhases = (
				F483FB2A23E0D73200019221 /* Sources */,
				F483FB2B23E0D73200019221 /* Frameworks */,
				F483FB2C23E0D73200019221 /* Resources */,
			);
			buildRules = (
			);
			dependencies = (
			);
			name = StressDetectionExperiment;
			productName = StressDetectionExperiment;
			productReference = F483FB2E23E0D73200019221 /* StressDetectionExperiment.app */;
			productType = "com.apple.product-type.application";
		};
		F483FB4123E0D73300019221 /* StressDetectionExperimentTests */ = {
			isa = PBXNativeTarget;
			buildConfigurationList = F483FB5923E0D73400019221 /* Build configuration list for PBXNativeTarget "StressDetectionExperimentTests" */;
			buildPhases = (
				F483FB3E23E0D73300019221 /* Sources */,
				F483FB3F23E0D73300019221 /* Frameworks */,
				F483FB4023E0D73300019221 /* Resources */,
			);
			buildRules = (
			);
			dependencies = (
				F483FB4423E0D73300019221 /* PBXTargetDependency */,
			);
			name = StressDetectionExperimentTests;
			productName = StressDetectionExperimentTests;
			productReference = F483FB4223E0D73300019221 /* StressDetectionExperimentTests.xctest */;
			productType = "com.apple.product-type.bundle.unit-test";
		};
		F483FB4C23E0D73300019221 /* StressDetectionExperimentUITests */ = {
			isa = PBXNativeTarget;
			buildConfigurationList = F483FB5C23E0D73400019221 /* Build configuration list for PBXNativeTarget "StressDetectionExperimentUITests" */;
			buildPhases = (
				F483FB4923E0D73300019221 /* Sources */,
				F483FB4A23E0D73300019221 /* Frameworks */,
				F483FB4B23E0D73300019221 /* Resources */,
			);
			buildRules = (
			);
			dependencies = (
				F483FB4F23E0D73300019221 /* PBXTargetDependency */,
			);
			name = StressDetectionExperimentUITests;
			productName = StressDetectionExperimentUITests;
			productReference = F483FB4D23E0D73300019221 /* StressDetectionExperimentUITests.xctest */;
			productType = "com.apple.product-type.bundle.ui-testing";
		};
/* End PBXNativeTarget section */

/* Begin PBXProject section */
		F483FB2623E0D73200019221 /* Project object */ = {
			isa = PBXProject;
			attributes = {
				LastSwiftUpdateCheck = 0820;
				LastUpgradeCheck = 0820;
				ORGANIZATIONNAME = TAMU;
				TargetAttributes = {
					F483FB2D23E0D73200019221 = {
						CreatedOnToolsVersion = 8.2;
						DevelopmentTeam = ZVW7934D92;
						LastSwiftMigration = 0820;
						ProvisioningStyle = Automatic;
						SystemCapabilities = {
							com.apple.BackgroundModes = {
								enabled = 1;
							};
						};
					};
					F483FB4123E0D73300019221 = {
						CreatedOnToolsVersion = 8.2;
						DevelopmentTeam = ZVW7934D92;
						ProvisioningStyle = Automatic;
						TestTargetID = F483FB2D23E0D73200019221;
					};
					F483FB4C23E0D73300019221 = {
						CreatedOnToolsVersion = 8.2;
						DevelopmentTeam = ZVW7934D92;
						ProvisioningStyle = Automatic;
						TestTargetID = F483FB2D23E0D73200019221;
					};
				};
			};
			buildConfigurationList = F483FB2923E0D73200019221 /* Build configuration list for PBXProject "StressDetectionExperiment" */;
			compatibilityVersion = "Xcode 3.2";
			developmentRegion = English;
			hasScannedForEncodings = 0;
			knownRegions = (
				en,
				Base,
			);
			mainGroup = F483FB2523E0D73200019221;
			productRefGroup = F483FB2F23E0D73200019221 /* Products */;
			projectDirPath = "";
			projectRoot = "";
			targets = (
				F483FB2D23E0D73200019221 /* StressDetectionExperiment */,
				F483FB4123E0D73300019221 /* StressDetectionExperimentTests */,
				F483FB4C23E0D73300019221 /* StressDetectionExperimentUITests */,
			);
		};
/* End PBXProject section */

/* Begin PBXResourcesBuildPhase section */
		F483FB2C23E0D73200019221 /* Resources */ = {
			isa = PBXResourcesBuildPhase;
			buildActionMask = 2147483647;
			files = (
				F4E5430A240724070058D6DC /* Main.storyboard in Resources */,
				F483FB3C23E0D73300019221 /* LaunchScreen.storyboard in Resources */,
				F483FB3923E0D73300019221 /* Assets.xcassets in Resources */,
			);
			runOnlyForDeploymentPostprocessing = 0;
		};
		F483FB4023E0D73300019221 /* Resources */ = {
			isa = PBXResourcesBuildPhase;
			buildActionMask = 2147483647;
			files = (
			);
			runOnlyForDeploymentPostprocessing = 0;
		};
		F483FB4B23E0D73300019221 /* Resources */ = {
			isa = PBXResourcesBuildPhase;
			buildActionMask = 2147483647;
			files = (
			);
			runOnlyForDeploymentPostprocessing = 0;
		};
/* End PBXResourcesBuildPhase section */

/* Begin PBXSourcesBuildPhase section */
		F483FB2A23E0D73200019221 /* Sources */ = {
			isa = PBXSourcesBuildPhase;
			buildActionMask = 2147483647;
			files = (
				F4C2AAC223EA0D2F007529CF /* SelfReportViewController.swift in Sources */,
				F482F4A523F4AF77008B65A9 /* MATPopupViewController.swift in Sources */,
				F482F4A923FC96B4008B65A9 /* VideoViewController.swift in Sources */,
				F482F4A723FB2960008B65A9 /* MATs.swift in Sources */,
				F483FB3423E0D73200019221 /* ViewController.swift in Sources */,
				F4E5430524045FAE0058D6DC /* EndExperimentViewController.swift in Sources */,
				F4E5430C240728440058D6DC /* SelfReportIncompleteError.swift in Sources */,
				F4E5430E2409A6CD0058D6DC /* Paintings.swift in Sources */,
				F4AB5B4223E0E7D60067E313 /* CWTViewController.swift in Sources */,
				F483FB3223E0D73200019221 /* AppDelegate.swift in Sources */,
				F4AB5B4423E219B90067E313 /* Utils.swift in Sources */,
				F4C2AAC423F1F9E0007529CF /* WritingTaskController.swift in Sources */,
			);
			runOnlyForDeploymentPostprocessing = 0;
		};
		F483FB3E23E0D73300019221 /* Sources */ = {
			isa = PBXSourcesBuildPhase;
			buildActionMask = 2147483647;
			files = (
				F483FB4723E0D73300019221 /* StressDetectionExperimentTests.swift in Sources */,
			);
			runOnlyForDeploymentPostprocessing = 0;
		};
		F483FB4923E0D73300019221 /* Sources */ = {
			isa = PBXSourcesBuildPhase;
			buildActionMask = 2147483647;
			files = (
				F483FB5223E0D73300019221 /* StressDetectionExperimentUITests.swift in Sources */,
			);
			runOnlyForDeploymentPostprocessing = 0;
		};
/* End PBXSourcesBuildPhase section */

/* Begin PBXTargetDependency section */
		F483FB4423E0D73300019221 /* PBXTargetDependency */ = {
			isa = PBXTargetDependency;
			target = F483FB2D23E0D73200019221 /* StressDetectionExperiment */;
			targetProxy = F483FB4323E0D73300019221 /* PBXContainerItemProxy */;
		};
		F483FB4F23E0D73300019221 /* PBXTargetDependency */ = {
			isa = PBXTargetDependency;
			target = F483FB2D23E0D73200019221 /* StressDetectionExperiment */;
			targetProxy = F483FB4E23E0D73300019221 /* PBXContainerItemProxy */;
		};
/* End PBXTargetDependency section */

/* Begin PBXVariantGroup section */
		F483FB3A23E0D73300019221 /* LaunchScreen.storyboard */ = {
			isa = PBXVariantGroup;
			children = (
				F483FB3B23E0D73300019221 /* Base */,
			);
			name = LaunchScreen.storyboard;
			sourceTree = "<group>";
		};
		F4E54308240724070058D6DC /* Main.storyboard */ = {
			isa = PBXVariantGroup;
			children = (
				F4E54309240724070058D6DC /* Base */,
			);
			name = Main.storyboard;
			sourceTree = "<group>";
		};
/* End PBXVariantGroup section */

/* Begin XCBuildConfiguration section */
		F483FB5423E0D73300019221 /* Debug */ = {
			isa = XCBuildConfiguration;
			buildSettings = {
				ALWAYS_SEARCH_USER_PATHS = NO;
				CLANG_ANALYZER_NONNULL = YES;
				CLANG_CXX_LANGUAGE_STANDARD = "gnu++0x";
				CLANG_CXX_LIBRARY = "libc++";
				CLANG_ENABLE_MODULES = YES;
				CLANG_ENABLE_OBJC_ARC = YES;
				CLANG_WARN_BOOL_CONVERSION = YES;
				CLANG_WARN_CONSTANT_CONVERSION = YES;
				CLANG_WARN_DIRECT_OBJC_ISA_USAGE = YES_ERROR;
				CLANG_WARN_DOCUMENTATION_COMMENTS = YES;
				CLANG_WARN_EMPTY_BODY = YES;
				CLANG_WARN_ENUM_CONVERSION = YES;
				CLANG_WARN_INFINITE_RECURSION = YES;
				CLANG_WARN_INT_CONVERSION = YES;
				CLANG_WARN_OBJC_ROOT_CLASS = YES_ERROR;
				CLANG_WARN_SUSPICIOUS_MOVE = YES;
				CLANG_WARN_UNREACHABLE_CODE = YES;
				CLANG_WARN__DUPLICATE_METHOD_MATCH = YES;
				"CODE_SIGN_IDENTITY[sdk=iphoneos*]" = "iPhone Developer";
				COPY_PHASE_STRIP = NO;
				DEBUG_INFORMATION_FORMAT = dwarf;
				ENABLE_STRICT_OBJC_MSGSEND = YES;
				ENABLE_TESTABILITY = YES;
				GCC_C_LANGUAGE_STANDARD = gnu99;
				GCC_DYNAMIC_NO_PIC = NO;
				GCC_NO_COMMON_BLOCKS = YES;
				GCC_OPTIMIZATION_LEVEL = 0;
				GCC_PREPROCESSOR_DEFINITIONS = (
					"DEBUG=1",
					"$(inherited)",
				);
				GCC_WARN_64_TO_32_BIT_CONVERSION = YES;
				GCC_WARN_ABOUT_RETURN_TYPE = YES_ERROR;
				GCC_WARN_UNDECLARED_SELECTOR = YES;
				GCC_WARN_UNINITIALIZED_AUTOS = YES_AGGRESSIVE;
				GCC_WARN_UNUSED_FUNCTION = YES;
				GCC_WARN_UNUSED_VARIABLE = YES;
				IPHONEOS_DEPLOYMENT_TARGET = 10.2;
				MTL_ENABLE_DEBUG_INFO = YES;
				ONLY_ACTIVE_ARCH = YES;
				SDKROOT = iphoneos;
				SWIFT_ACTIVE_COMPILATION_CONDITIONS = DEBUG;
				SWIFT_INSTALL_OBJC_HEADER = NO;
				SWIFT_OPTIMIZATION_LEVEL = "-Onone";
			};
			name = Debug;
		};
		F483FB5523E0D73300019221 /* Release */ = {
			isa = XCBuildConfiguration;
			buildSettings = {
				ALWAYS_SEARCH_USER_PATHS = NO;
				CLANG_ANALYZER_NONNULL = YES;
				CLANG_CXX_LANGUAGE_STANDARD = "gnu++0x";
				CLANG_CXX_LIBRARY = "libc++";
				CLANG_ENABLE_MODULES = YES;
				CLANG_ENABLE_OBJC_ARC = YES;
				CLANG_WARN_BOOL_CONVERSION = YES;
				CLANG_WARN_CONSTANT_CONVERSION = YES;
				CLANG_WARN_DIRECT_OBJC_ISA_USAGE = YES_ERROR;
				CLANG_WARN_DOCUMENTATION_COMMENTS = YES;
				CLANG_WARN_EMPTY_BODY = YES;
				CLANG_WARN_ENUM_CONVERSION = YES;
				CLANG_WARN_INFINITE_RECURSION = YES;
				CLANG_WARN_INT_CONVERSION = YES;
				CLANG_WARN_OBJC_ROOT_CLASS = YES_ERROR;
				CLANG_WARN_SUSPICIOUS_MOVE = YES;
				CLANG_WARN_UNREACHABLE_CODE = YES;
				CLANG_WARN__DUPLICATE_METHOD_MATCH = YES;
				"CODE_SIGN_IDENTITY[sdk=iphoneos*]" = "iPhone Developer";
				COPY_PHASE_STRIP = NO;
				DEBUG_INFORMATION_FORMAT = "dwarf-with-dsym";
				ENABLE_NS_ASSERTIONS = NO;
				ENABLE_STRICT_OBJC_MSGSEND = YES;
				GCC_C_LANGUAGE_STANDARD = gnu99;
				GCC_NO_COMMON_BLOCKS = YES;
				GCC_WARN_64_TO_32_BIT_CONVERSION = YES;
				GCC_WARN_ABOUT_RETURN_TYPE = YES_ERROR;
				GCC_WARN_UNDECLARED_SELECTOR = YES;
				GCC_WARN_UNINITIALIZED_AUTOS = YES_AGGRESSIVE;
				GCC_WARN_UNUSED_FUNCTION = YES;
				GCC_WARN_UNUSED_VARIABLE = YES;
				IPHONEOS_DEPLOYMENT_TARGET = 10.2;
				MTL_ENABLE_DEBUG_INFO = NO;
				SDKROOT = iphoneos;
				SWIFT_INSTALL_OBJC_HEADER = NO;
				SWIFT_OPTIMIZATION_LEVEL = "-Owholemodule";
				VALIDATE_PRODUCT = YES;
			};
			name = Release;
		};
		F483FB5723E0D73400019221 /* Debug */ = {
			isa = XCBuildConfiguration;
			buildSettings = {
				ASSETCATALOG_COMPILER_APPICON_NAME = AppIcon;
				CLANG_ENABLE_MODULES = YES;
				DEVELOPMENT_TEAM = ZVW7934D92;
				INFOPLIST_FILE = StressDetectionExperiment/Info.plist;
				LD_RUNPATH_SEARCH_PATHS = "$(inherited) @executable_path/Frameworks";
				PRODUCT_BUNDLE_IDENTIFIER = com.psilab.StressDetectionExperiment;
				PRODUCT_NAME = "$(TARGET_NAME)";
				SWIFT_INSTALL_OBJC_HEADER = NO;
				SWIFT_OPTIMIZATION_LEVEL = "-Onone";
				SWIFT_VERSION = 3.0;
			};
			name = Debug;
		};
		F483FB5823E0D73400019221 /* Release */ = {
			isa = XCBuildConfiguration;
			buildSettings = {
				ASSETCATALOG_COMPILER_APPICON_NAME = AppIcon;
				CLANG_ENABLE_MODULES = YES;
				DEVELOPMENT_TEAM = ZVW7934D92;
				INFOPLIST_FILE = StressDetectionExperiment/Info.plist;
				LD_RUNPATH_SEARCH_PATHS = "$(inherited) @executable_path/Frameworks";
				PRODUCT_BUNDLE_IDENTIFIER = com.psilab.StressDetectionExperiment;
				PRODUCT_NAME = "$(TARGET_NAME)";
				SWIFT_INSTALL_OBJC_HEADER = NO;
				SWIFT_VERSION = 3.0;
			};
			name = Release;
		};
		F483FB5A23E0D73400019221 /* Debug */ = {
			isa = XCBuildConfiguration;
			buildSettings = {
				ALWAYS_EMBED_SWIFT_STANDARD_LIBRARIES = YES;
				BUNDLE_LOADER = "$(TEST_HOST)";
				DEVELOPMENT_TEAM = ZVW7934D92;
				INFOPLIST_FILE = StressDetectionExperimentTests/Info.plist;
				LD_RUNPATH_SEARCH_PATHS = "$(inherited) @executable_path/Frameworks @loader_path/Frameworks";
				PRODUCT_BUNDLE_IDENTIFIER = com.psilab.StressDetectionExperimentTests;
				PRODUCT_NAME = "$(TARGET_NAME)";
				SWIFT_VERSION = 3.0;
				TEST_HOST = "$(BUILT_PRODUCTS_DIR)/StressDetectionExperiment.app/StressDetectionExperiment";
			};
			name = Debug;
		};
		F483FB5B23E0D73400019221 /* Release */ = {
			isa = XCBuildConfiguration;
			buildSettings = {
				ALWAYS_EMBED_SWIFT_STANDARD_LIBRARIES = YES;
				BUNDLE_LOADER = "$(TEST_HOST)";
				DEVELOPMENT_TEAM = ZVW7934D92;
				INFOPLIST_FILE = StressDetectionExperimentTests/Info.plist;
				LD_RUNPATH_SEARCH_PATHS = "$(inherited) @executable_path/Frameworks @loader_path/Frameworks";
				PRODUCT_BUNDLE_IDENTIFIER = com.psilab.StressDetectionExperimentTests;
				PRODUCT_NAME = "$(TARGET_NAME)";
				SWIFT_VERSION = 3.0;
				TEST_HOST = "$(BUILT_PRODUCTS_DIR)/StressDetectionExperiment.app/StressDetectionExperiment";
			};
			name = Release;
		};
		F483FB5D23E0D73400019221 /* Debug */ = {
			isa = XCBuildConfiguration;
			buildSettings = {
				ALWAYS_EMBED_SWIFT_STANDARD_LIBRARIES = YES;
				DEVELOPMENT_TEAM = ZVW7934D92;
				INFOPLIST_FILE = StressDetectionExperimentUITests/Info.plist;
				LD_RUNPATH_SEARCH_PATHS = "$(inherited) @executable_path/Frameworks @loader_path/Frameworks";
				PRODUCT_BUNDLE_IDENTIFIER = com.psilab.StressDetectionExperimentUITests;
				PRODUCT_NAME = "$(TARGET_NAME)";
				SWIFT_VERSION = 3.0;
				TEST_TARGET_NAME = StressDetectionExperiment;
			};
			name = Debug;
		};
		F483FB5E23E0D73400019221 /* Release */ = {
			isa = XCBuildConfiguration;
			buildSettings = {
				ALWAYS_EMBED_SWIFT_STANDARD_LIBRARIES = YES;
				DEVELOPMENT_TEAM = ZVW7934D92;
				INFOPLIST_FILE = StressDetectionExperimentUITests/Info.plist;
				LD_RUNPATH_SEARCH_PATHS = "$(inherited) @executable_path/Frameworks @loader_path/Frameworks";
				PRODUCT_BUNDLE_IDENTIFIER = com.psilab.StressDetectionExperimentUITests;
				PRODUCT_NAME = "$(TARGET_NAME)";
				SWIFT_VERSION = 3.0;
				TEST_TARGET_NAME = StressDetectionExperiment;
			};
			name = Release;
		};
/* End XCBuildConfiguration section */

/* Begin XCConfigurationList section */
		F483FB2923E0D73200019221 /* Build configuration list for PBXProject "StressDetectionExperiment" */ = {
			isa = XCConfigurationList;
			buildConfigurations = (
				F483FB5423E0D73300019221 /* Debug */,
				F483FB5523E0D73300019221 /* Release */,
			);
			defaultConfigurationIsVisible = 0;
			defaultConfigurationName = Release;
		};
		F483FB5623E0D73400019221 /* Build configuration list for PBXNativeTarget "StressDetectionExperiment" */ = {
			isa = XCConfigurationList;
			buildConfigurations = (
				F483FB5723E0D73400019221 /* Debug */,
				F483FB5823E0D73400019221 /* Release */,
			);
			defaultConfigurationIsVisible = 0;
			defaultConfigurationName = Release;
		};
		F483FB5923E0D73400019221 /* Build configuration list for PBXNativeTarget "StressDetectionExperimentTests" */ = {
			isa = XCConfigurationList;
			buildConfigurations = (
				F483FB5A23E0D73400019221 /* Debug */,
				F483FB5B23E0D73400019221 /* Release */,
			);
			defaultConfigurationIsVisible = 0;
			defaultConfigurationName = Release;
		};
		F483FB5C23E0D73400019221 /* Build configuration list for PBXNativeTarget "StressDetectionExperimentUITests" */ = {
			isa = XCConfigurationList;
			buildConfigurations = (
				F483FB5D23E0D73400019221 /* Debug */,
				F483FB5E23E0D73400019221 /* Release */,
			);
			defaultConfigurationIsVisible = 0;
			defaultConfigurationName = Release;
		};
/* End XCConfigurationList section */
	};
	rootObject = F483FB2623E0D73200019221 /* Project object */;
}
